// !$*UTF8*$!
{
	archiveVersion = 1;
	classes = {
	};
	objectVersion = 46;
	objects = {

/* Begin PBXBuildFile section */
		0DF90B5816A69EAA008D60ED /* Foundation.framework in Frameworks */ = {isa = PBXBuildFile; fileRef = 4DBDFA0A15415F0A003AD415 /* Foundation.framework */; };
		0DF90B6316A69EC7008D60ED /* libMPFoldTransition.a in Frameworks */ = {isa = PBXBuildFile; fileRef = 0DF90B5716A69EAA008D60ED /* libMPFoldTransition.a */; };
		0DF90B8516A69F5C008D60ED /* MPAnimation.m in Sources */ = {isa = PBXBuildFile; fileRef = 0DF90B7016A69F5C008D60ED /* MPAnimation.m */; };
		0DF90B8616A69F5C008D60ED /* MPFlipTransition.m in Sources */ = {isa = PBXBuildFile; fileRef = 0DF90B7316A69F5C008D60ED /* MPFlipTransition.m */; };
		0DF90B8716A69F5C008D60ED /* MPFoldTransition.m in Sources */ = {isa = PBXBuildFile; fileRef = 0DF90B7616A69F5C008D60ED /* MPFoldTransition.m */; };
		0DF90B8816A69F5C008D60ED /* MPTransition.m in Sources */ = {isa = PBXBuildFile; fileRef = 0DF90B7816A69F5C008D60ED /* MPTransition.m */; };
		0DF90B8916A69F5C008D60ED /* MPFlipSegue.m in Sources */ = {isa = PBXBuildFile; fileRef = 0DF90B7C16A69F5C008D60ED /* MPFlipSegue.m */; };
		0DF90B8A16A69F5C008D60ED /* MPFoldModalSegue.m in Sources */ = {isa = PBXBuildFile; fileRef = 0DF90B7E16A69F5C008D60ED /* MPFoldModalSegue.m */; };
		0DF90B8B16A69F5C008D60ED /* MPFoldNavPopSegue.m in Sources */ = {isa = PBXBuildFile; fileRef = 0DF90B8016A69F5C008D60ED /* MPFoldNavPopSegue.m */; };
		0DF90B8C16A69F5C008D60ED /* MPFoldNavPushSegue.m in Sources */ = {isa = PBXBuildFile; fileRef = 0DF90B8216A69F5C008D60ED /* MPFoldNavPushSegue.m */; };
		0DF90B8D16A69F5C008D60ED /* MPFoldSegue.m in Sources */ = {isa = PBXBuildFile; fileRef = 0DF90B8416A69F5C008D60ED /* MPFoldSegue.m */; };
		0DF90BA716A69F83008D60ED /* AboutViewController.m in Sources */ = {isa = PBXBuildFile; fileRef = 0DF90B9016A69F83008D60ED /* AboutViewController.m */; };
		0DF90BA816A69F83008D60ED /* AppDelegate.m in Sources */ = {isa = PBXBuildFile; fileRef = 0DF90B9216A69F83008D60ED /* AppDelegate.m */; };
		0DF90BA916A69F83008D60ED /* Default-568h@2x.png in Resources */ = {isa = PBXBuildFile; fileRef = 0DF90B9316A69F83008D60ED /* Default-568h@2x.png */; };
		0DF90BAA16A69F83008D60ED /* DetailsViewController.m in Sources */ = {isa = PBXBuildFile; fileRef = 0DF90B9516A69F83008D60ED /* DetailsViewController.m */; };
		0DF90BAE16A69F83008D60ED /* Icon-72.png in Resources */ = {isa = PBXBuildFile; fileRef = 0DF90B9D16A69F83008D60ED /* Icon-72.png */; };
		0DF90BAF16A69F83008D60ED /* Icon-72@2x.png in Resources */ = {isa = PBXBuildFile; fileRef = 0DF90B9E16A69F83008D60ED /* Icon-72@2x.png */; };
		0DF90BB016A69F83008D60ED /* Icon.png in Resources */ = {isa = PBXBuildFile; fileRef = 0DF90B9F16A69F83008D60ED /* Icon.png */; };
		0DF90BB116A69F83008D60ED /* Icon@2x.png in Resources */ = {isa = PBXBuildFile; fileRef = 0DF90BA016A69F83008D60ED /* Icon@2x.png */; };
		0DF90BB216A69F83008D60ED /* main.m in Sources */ = {isa = PBXBuildFile; fileRef = 0DF90BA116A69F83008D60ED /* main.m */; };
		0DF90BB416A69F83008D60ED /* StyleTable.m in Sources */ = {isa = PBXBuildFile; fileRef = 0DF90BA416A69F83008D60ED /* StyleTable.m */; };
		0DF90BB516A69F83008D60ED /* ViewController.m in Sources */ = {isa = PBXBuildFile; fileRef = 0DF90BA616A69F83008D60ED /* ViewController.m */; };
		0DF90BBA16A69F99008D60ED /* MainStoryboard_iPad.storyboard in Resources */ = {isa = PBXBuildFile; fileRef = 0DF90BB616A69F99008D60ED /* MainStoryboard_iPad.storyboard */; };
		0DF90BBB16A69F99008D60ED /* MainStoryboard_iPhone.storyboard in Resources */ = {isa = PBXBuildFile; fileRef = 0DF90BB816A69F99008D60ED /* MainStoryboard_iPhone.storyboard */; };
		4DBDFA0915415F0A003AD415 /* UIKit.framework in Frameworks */ = {isa = PBXBuildFile; fileRef = 4DBDFA0815415F0A003AD415 /* UIKit.framework */; };
		4DBDFA0B15415F0A003AD415 /* Foundation.framework in Frameworks */ = {isa = PBXBuildFile; fileRef = 4DBDFA0A15415F0A003AD415 /* Foundation.framework */; };
		4DBDFA0D15415F0A003AD415 /* CoreGraphics.framework in Frameworks */ = {isa = PBXBuildFile; fileRef = 4DBDFA0C15415F0A003AD415 /* CoreGraphics.framework */; };
		4DBDFA2E15416013003AD415 /* QuartzCore.framework in Frameworks */ = {isa = PBXBuildFile; fileRef = 4DBDFA2D15416013003AD415 /* QuartzCore.framework */; };
/* End PBXBuildFile section */

/* Begin PBXContainerItemProxy section */
		0DF90B6416A69ECC008D60ED /* PBXContainerItemProxy */ = {
			isa = PBXContainerItemProxy;
			containerPortal = 4DBDF9FB15415F09003AD415 /* Project object */;
			proxyType = 1;
			remoteGlobalIDString = 0DF90B5616A69EAA008D60ED;
			remoteInfo = MPFoldTransition;
		};
/* End PBXContainerItemProxy section */

/* Begin PBXCopyFilesBuildPhase section */
		0DF90B5516A69EAA008D60ED /* CopyFiles */ = {
			isa = PBXCopyFilesBuildPhase;
			buildActionMask = 2147483647;
			dstPath = "include/${PRODUCT_NAME}";
			dstSubfolderSpec = 16;
			files = (
			);
			runOnlyForDeploymentPostprocessing = 0;
		};
/* End PBXCopyFilesBuildPhase section */

/* Begin PBXFileReference section */
		0DF90B5716A69EAA008D60ED /* libMPFoldTransition.a */ = {isa = PBXFileReference; explicitFileType = archive.ar; includeInIndex = 0; path = libMPFoldTransition.a; sourceTree = BUILT_PRODUCTS_DIR; };
		0DF90B6F16A69F5C008D60ED /* MPAnimation.h */ = {isa = PBXFileReference; fileEncoding = 4; lastKnownFileType = sourcecode.c.h; name = MPAnimation.h; path = Library/MPAnimation.h; sourceTree = SOURCE_ROOT; };
		0DF90B7016A69F5C008D60ED /* MPAnimation.m */ = {isa = PBXFileReference; fileEncoding = 4; lastKnownFileType = sourcecode.c.objc; name = MPAnimation.m; path = Library/MPAnimation.m; sourceTree = SOURCE_ROOT; };
		0DF90B7116A69F5C008D60ED /* MPFlipEnumerations.h */ = {isa = PBXFileReference; fileEncoding = 4; lastKnownFileType = sourcecode.c.h; name = MPFlipEnumerations.h; path = Library/MPFlipEnumerations.h; sourceTree = SOURCE_ROOT; };
		0DF90B7216A69F5C008D60ED /* MPFlipTransition.h */ = {isa = PBXFileReference; fileEncoding = 4; lastKnownFileType = sourcecode.c.h; name = MPFlipTransition.h; path = Library/MPFlipTransition.h; sourceTree = SOURCE_ROOT; };
		0DF90B7316A69F5C008D60ED /* MPFlipTransition.m */ = {isa = PBXFileReference; fileEncoding = 4; lastKnownFileType = sourcecode.c.objc; name = MPFlipTransition.m; path = Library/MPFlipTransition.m; sourceTree = SOURCE_ROOT; };
		0DF90B7416A69F5C008D60ED /* MPFoldEnumerations.h */ = {isa = PBXFileReference; fileEncoding = 4; lastKnownFileType = sourcecode.c.h; name = MPFoldEnumerations.h; path = Library/MPFoldEnumerations.h; sourceTree = SOURCE_ROOT; };
		0DF90B7516A69F5C008D60ED /* MPFoldTransition.h */ = {isa = PBXFileReference; fileEncoding = 4; lastKnownFileType = sourcecode.c.h; name = MPFoldTransition.h; path = Library/MPFoldTransition.h; sourceTree = SOURCE_ROOT; };
		0DF90B7616A69F5C008D60ED /* MPFoldTransition.m */ = {isa = PBXFileReference; fileEncoding = 4; lastKnownFileType = sourcecode.c.objc; name = MPFoldTransition.m; path = Library/MPFoldTransition.m; sourceTree = SOURCE_ROOT; };
		0DF90B7716A69F5C008D60ED /* MPTransition.h */ = {isa = PBXFileReference; fileEncoding = 4; lastKnownFileType = sourcecode.c.h; name = MPTransition.h; path = Library/MPTransition.h; sourceTree = SOURCE_ROOT; };
		0DF90B7816A69F5C008D60ED /* MPTransition.m */ = {isa = PBXFileReference; fileEncoding = 4; lastKnownFileType = sourcecode.c.objc; name = MPTransition.m; path = Library/MPTransition.m; sourceTree = SOURCE_ROOT; };
		0DF90B7916A69F5C008D60ED /* MPTransitionEnumerations.h */ = {isa = PBXFileReference; fileEncoding = 4; lastKnownFileType = sourcecode.c.h; name = MPTransitionEnumerations.h; path = Library/MPTransitionEnumerations.h; sourceTree = SOURCE_ROOT; };
		0DF90B7B16A69F5C008D60ED /* MPFlipSegue.h */ = {isa = PBXFileReference; fileEncoding = 4; lastKnownFileType = sourcecode.c.h; path = MPFlipSegue.h; sourceTree = "<group>"; };
		0DF90B7C16A69F5C008D60ED /* MPFlipSegue.m */ = {isa = PBXFileReference; fileEncoding = 4; lastKnownFileType = sourcecode.c.objc; path = MPFlipSegue.m; sourceTree = "<group>"; };
		0DF90B7D16A69F5C008D60ED /* MPFoldModalSegue.h */ = {isa = PBXFileReference; fileEncoding = 4; lastKnownFileType = sourcecode.c.h; path = MPFoldModalSegue.h; sourceTree = "<group>"; };
		0DF90B7E16A69F5C008D60ED /* MPFoldModalSegue.m */ = {isa = PBXFileReference; fileEncoding = 4; lastKnownFileType = sourcecode.c.objc; path = MPFoldModalSegue.m; sourceTree = "<group>"; };
		0DF90B7F16A69F5C008D60ED /* MPFoldNavPopSegue.h */ = {isa = PBXFileReference; fileEncoding = 4; lastKnownFileType = sourcecode.c.h; path = MPFoldNavPopSegue.h; sourceTree = "<group>"; };
		0DF90B8016A69F5C008D60ED /* MPFoldNavPopSegue.m */ = {isa = PBXFileReference; fileEncoding = 4; lastKnownFileType = sourcecode.c.objc; path = MPFoldNavPopSegue.m; sourceTree = "<group>"; };
		0DF90B8116A69F5C008D60ED /* MPFoldNavPushSegue.h */ = {isa = PBXFileReference; fileEncoding = 4; lastKnownFileType = sourcecode.c.h; path = MPFoldNavPushSegue.h; sourceTree = "<group>"; };
		0DF90B8216A69F5C008D60ED /* MPFoldNavPushSegue.m */ = {isa = PBXFileReference; fileEncoding = 4; lastKnownFileType = sourcecode.c.objc; path = MPFoldNavPushSegue.m; sourceTree = "<group>"; };
		0DF90B8316A69F5C008D60ED /* MPFoldSegue.h */ = {isa = PBXFileReference; fileEncoding = 4; lastKnownFileType = sourcecode.c.h; path = MPFoldSegue.h; sourceTree = "<group>"; };
		0DF90B8416A69F5C008D60ED /* MPFoldSegue.m */ = {isa = PBXFileReference; fileEncoding = 4; lastKnownFileType = sourcecode.c.objc; path = MPFoldSegue.m; sourceTree = "<group>"; };
		0DF90B8F16A69F83008D60ED /* AboutViewController.h */ = {isa = PBXFileReference; fileEncoding = 4; lastKnownFileType = sourcecode.c.h; name = AboutViewController.h; path = Demo/AboutViewController.h; sourceTree = "<group>"; };
		0DF90B9016A69F83008D60ED /* AboutViewController.m */ = {isa = PBXFileReference; fileEncoding = 4; lastKnownFileType = sourcecode.c.objc; name = AboutViewController.m; path = Demo/AboutViewController.m; sourceTree = "<group>"; };
		0DF90B9116A69F83008D60ED /* AppDelegate.h */ = {isa = PBXFileReference; fileEncoding = 4; lastKnownFileType = sourcecode.c.h; name = AppDelegate.h; path = Demo/AppDelegate.h; sourceTree = "<group>"; };
		0DF90B9216A69F83008D60ED /* AppDelegate.m */ = {isa = PBXFileReference; fileEncoding = 4; lastKnownFileType = sourcecode.c.objc; name = AppDelegate.m; path = Demo/AppDelegate.m; sourceTree = "<group>"; };
		0DF90B9316A69F83008D60ED /* Default-568h@2x.png */ = {isa = PBXFileReference; lastKnownFileType = image.png; name = "Default-568h@2x.png"; path = "Demo/Default-568h@2x.png"; sourceTree = "<group>"; };
		0DF90B9416A69F83008D60ED /* DetailsViewController.h */ = {isa = PBXFileReference; fileEncoding = 4; lastKnownFileType = sourcecode.c.h; name = DetailsViewController.h; path = Demo/DetailsViewController.h; sourceTree = "<group>"; };
		0DF90B9516A69F83008D60ED /* DetailsViewController.m */ = {isa = PBXFileReference; fileEncoding = 4; lastKnownFileType = sourcecode.c.objc; name = DetailsViewController.m; path = Demo/DetailsViewController.m; sourceTree = "<group>"; };
		0DF90B9D16A69F83008D60ED /* Icon-72.png */ = {isa = PBXFileReference; lastKnownFileType = image.png; name = "Icon-72.png"; path = "Demo/Icon-72.png"; sourceTree = "<group>"; };
		0DF90B9E16A69F83008D60ED /* Icon-72@2x.png */ = {isa = PBXFileReference; lastKnownFileType = image.png; name = "Icon-72@2x.png"; path = "Demo/Icon-72@2x.png"; sourceTree = "<group>"; };
		0DF90B9F16A69F83008D60ED /* Icon.png */ = {isa = PBXFileReference; lastKnownFileType = image.png; name = Icon.png; path = Demo/Icon.png; sourceTree = "<group>"; };
		0DF90BA016A69F83008D60ED /* Icon@2x.png */ = {isa = PBXFileReference; lastKnownFileType = image.png; name = "Icon@2x.png"; path = "Demo/Icon@2x.png"; sourceTree = "<group>"; };
		0DF90BA116A69F83008D60ED /* main.m */ = {isa = PBXFileReference; fileEncoding = 4; lastKnownFileType = sourcecode.c.objc; name = main.m; path = Demo/main.m; sourceTree = "<group>"; };
		0DF90BA216A69F83008D60ED /* Info.plist */ = {isa = PBXFileReference; fileEncoding = 4; lastKnownFileType = text.plist.xml; name = Info.plist; path = Demo/Info.plist; sourceTree = "<group>"; };
		0DF90BA316A69F83008D60ED /* StyleTable.h */ = {isa = PBXFileReference; fileEncoding = 4; lastKnownFileType = sourcecode.c.h; name = StyleTable.h; path = Demo/StyleTable.h; sourceTree = "<group>"; };
		0DF90BA416A69F83008D60ED /* StyleTable.m */ = {isa = PBXFileReference; fileEncoding = 4; lastKnownFileType = sourcecode.c.objc; name = StyleTable.m; path = Demo/StyleTable.m; sourceTree = "<group>"; };
		0DF90BA516A69F83008D60ED /* ViewController.h */ = {isa = PBXFileReference; fileEncoding = 4; lastKnownFileType = sourcecode.c.h; name = ViewController.h; path = Demo/ViewController.h; sourceTree = "<group>"; };
		0DF90BA616A69F83008D60ED /* ViewController.m */ = {isa = PBXFileReference; fileEncoding = 4; lastKnownFileType = sourcecode.c.objc; name = ViewController.m; path = Demo/ViewController.m; sourceTree = "<group>"; };
		0DF90BB716A69F99008D60ED /* en */ = {isa = PBXFileReference; lastKnownFileType = file.storyboard; name = en; path = Demo/en.lproj/MainStoryboard_iPad.storyboard; sourceTree = "<group>"; };
		0DF90BB916A69F99008D60ED /* en */ = {isa = PBXFileReference; lastKnownFileType = file.storyboard; name = en; path = Demo/en.lproj/MainStoryboard_iPhone.storyboard; sourceTree = "<group>"; };
		0DF90BBD16A6A07E008D60ED /* Prefix.pch */ = {isa = PBXFileReference; fileEncoding = 4; lastKnownFileType = sourcecode.c.h; name = Prefix.pch; path = Demo/Prefix.pch; sourceTree = "<group>"; };
		0DF90BBE16A6A0EB008D60ED /* Prefix.pch */ = {isa = PBXFileReference; fileEncoding = 4; lastKnownFileType = sourcecode.c.h; name = Prefix.pch; path = Library/Prefix.pch; sourceTree = SOURCE_ROOT; };
		4DB9BF221553E3A300718F74 /* Source Code License.rtf */ = {isa = PBXFileReference; fileEncoding = 4; lastKnownFileType = text.rtf; path = "Source Code License.rtf"; sourceTree = "<group>"; };
		4DB9BF241553EA8A00718F74 /* README.markdown */ = {isa = PBXFileReference; fileEncoding = 4; lastKnownFileType = text; path = README.markdown; sourceTree = "<group>"; };
		4DB9BF251553EA8A00718F74 /* TODO.markdown */ = {isa = PBXFileReference; fileEncoding = 4; lastKnownFileType = text; path = TODO.markdown; sourceTree = "<group>"; };
		4DBDFA0415415F0A003AD415 /* Transitions Demo.app */ = {isa = PBXFileReference; explicitFileType = wrapper.application; includeInIndex = 0; path = "Transitions Demo.app"; sourceTree = BUILT_PRODUCTS_DIR; };
		4DBDFA0815415F0A003AD415 /* UIKit.framework */ = {isa = PBXFileReference; lastKnownFileType = wrapper.framework; name = UIKit.framework; path = System/Library/Frameworks/UIKit.framework; sourceTree = SDKROOT; };
		4DBDFA0A15415F0A003AD415 /* Foundation.framework */ = {isa = PBXFileReference; lastKnownFileType = wrapper.framework; name = Foundation.framework; path = System/Library/Frameworks/Foundation.framework; sourceTree = SDKROOT; };
		4DBDFA0C15415F0A003AD415 /* CoreGraphics.framework */ = {isa = PBXFileReference; lastKnownFileType = wrapper.framework; name = CoreGraphics.framework; path = System/Library/Frameworks/CoreGraphics.framework; sourceTree = SDKROOT; };
		4DBDFA2D15416013003AD415 /* QuartzCore.framework */ = {isa = PBXFileReference; lastKnownFileType = wrapper.framework; name = QuartzCore.framework; path = System/Library/Frameworks/QuartzCore.framework; sourceTree = SDKROOT; };
/* End PBXFileReference section */

/* Begin PBXFrameworksBuildPhase section */
		0DF90B5416A69EAA008D60ED /* Frameworks */ = {
			isa = PBXFrameworksBuildPhase;
			buildActionMask = 2147483647;
			files = (
				0DF90B5816A69EAA008D60ED /* Foundation.framework in Frameworks */,
			);
			runOnlyForDeploymentPostprocessing = 0;
		};
		4DBDFA0115415F0A003AD415 /* Frameworks */ = {
			isa = PBXFrameworksBuildPhase;
			buildActionMask = 2147483647;
			files = (
				0DF90B6316A69EC7008D60ED /* libMPFoldTransition.a in Frameworks */,
				4DBDFA2E15416013003AD415 /* QuartzCore.framework in Frameworks */,
				4DBDFA0915415F0A003AD415 /* UIKit.framework in Frameworks */,
				4DBDFA0B15415F0A003AD415 /* Foundation.framework in Frameworks */,
				4DBDFA0D15415F0A003AD415 /* CoreGraphics.framework in Frameworks */,
			);
			runOnlyForDeploymentPostprocessing = 0;
		};
/* End PBXFrameworksBuildPhase section */

/* Begin PBXGroup section */
		0DF90B7A16A69F5C008D60ED /* Segues */ = {
			isa = PBXGroup;
			children = (
				0DF90B7B16A69F5C008D60ED /* MPFlipSegue.h */,
				0DF90B7C16A69F5C008D60ED /* MPFlipSegue.m */,
				0DF90B7D16A69F5C008D60ED /* MPFoldModalSegue.h */,
				0DF90B7E16A69F5C008D60ED /* MPFoldModalSegue.m */,
				0DF90B7F16A69F5C008D60ED /* MPFoldNavPopSegue.h */,
				0DF90B8016A69F5C008D60ED /* MPFoldNavPopSegue.m */,
				0DF90B8116A69F5C008D60ED /* MPFoldNavPushSegue.h */,
				0DF90B8216A69F5C008D60ED /* MPFoldNavPushSegue.m */,
				0DF90B8316A69F5C008D60ED /* MPFoldSegue.h */,
				0DF90B8416A69F5C008D60ED /* MPFoldSegue.m */,
			);
			name = Segues;
			path = Library/Segues;
			sourceTree = SOURCE_ROOT;
		};
		0DF90B8E16A69F6E008D60ED /* Meta */ = {
			isa = PBXGroup;
			children = (
				4DB9BF241553EA8A00718F74 /* README.markdown */,
				4DB9BF221553E3A300718F74 /* Source Code License.rtf */,
				4DB9BF251553EA8A00718F74 /* TODO.markdown */,
			);
			name = Meta;
			sourceTree = "<group>";
		};
		0DF90BBC16A69FA8008D60ED /* Resources */ = {
			isa = PBXGroup;
			children = (
				0DF90BB616A69F99008D60ED /* MainStoryboard_iPad.storyboard */,
				0DF90BB816A69F99008D60ED /* MainStoryboard_iPhone.storyboard */,
				0DF90B9316A69F83008D60ED /* Default-568h@2x.png */,
				0DF90B9D16A69F83008D60ED /* Icon-72.png */,
				0DF90B9E16A69F83008D60ED /* Icon-72@2x.png */,
				0DF90B9F16A69F83008D60ED /* Icon.png */,
				0DF90BA016A69F83008D60ED /* Icon@2x.png */,
				0DF90BA216A69F83008D60ED /* Info.plist */,
			);
			name = Resources;
			sourceTree = "<group>";
		};
		4DBDF9F915415F09003AD415 = {
			isa = PBXGroup;
			children = (
				4DBDFA0E15415F0A003AD415 /* Library */,
				4DBDFA2C15415FE1003AD415 /* Demo */,
				0DF90B8E16A69F6E008D60ED /* Meta */,
				4DBDFA0715415F0A003AD415 /* Frameworks */,
				4DBDFA0515415F0A003AD415 /* Products */,
			);
			sourceTree = "<group>";
		};
		4DBDFA0515415F0A003AD415 /* Products */ = {
			isa = PBXGroup;
			children = (
				4DBDFA0415415F0A003AD415 /* Transitions Demo.app */,
				0DF90B5716A69EAA008D60ED /* libMPFoldTransition.a */,
			);
			name = Products;
			sourceTree = "<group>";
		};
		4DBDFA0715415F0A003AD415 /* Frameworks */ = {
			isa = PBXGroup;
			children = (
				4DBDFA2D15416013003AD415 /* QuartzCore.framework */,
				4DBDFA0815415F0A003AD415 /* UIKit.framework */,
				4DBDFA0A15415F0A003AD415 /* Foundation.framework */,
				4DBDFA0C15415F0A003AD415 /* CoreGraphics.framework */,
			);
			name = Frameworks;
			sourceTree = "<group>";
		};
		4DBDFA0E15415F0A003AD415 /* Library */ = {
			isa = PBXGroup;
			children = (
				0DF90B7A16A69F5C008D60ED /* Segues */,
				0DF90B6F16A69F5C008D60ED /* MPAnimation.h */,
				0DF90B7016A69F5C008D60ED /* MPAnimation.m */,
				0DF90B7116A69F5C008D60ED /* MPFlipEnumerations.h */,
				0DF90B7216A69F5C008D60ED /* MPFlipTransition.h */,
				0DF90B7316A69F5C008D60ED /* MPFlipTransition.m */,
				0DF90B7416A69F5C008D60ED /* MPFoldEnumerations.h */,
				0DF90B7516A69F5C008D60ED /* MPFoldTransition.h */,
				0DF90B7616A69F5C008D60ED /* MPFoldTransition.m */,
				0DF90B7716A69F5C008D60ED /* MPTransition.h */,
				0DF90B7816A69F5C008D60ED /* MPTransition.m */,
				0DF90B7916A69F5C008D60ED /* MPTransitionEnumerations.h */,
				0DF90BBE16A6A0EB008D60ED /* Prefix.pch */,
			);
			name = Library;
			path = MPFoldTransition/MPFoldTransition;
			sourceTree = "<group>";
		};
		4DBDFA2C15415FE1003AD415 /* Demo */ = {
			isa = PBXGroup;
			children = (
				0DF90BBC16A69FA8008D60ED /* Resources */,
				0DF90B8F16A69F83008D60ED /* AboutViewController.h */,
				0DF90B9016A69F83008D60ED /* AboutViewController.m */,
				0DF90B9116A69F83008D60ED /* AppDelegate.h */,
				0DF90B9216A69F83008D60ED /* AppDelegate.m */,
				0DF90B9416A69F83008D60ED /* DetailsViewController.h */,
				0DF90B9516A69F83008D60ED /* DetailsViewController.m */,
				0DF90BA316A69F83008D60ED /* StyleTable.h */,
				0DF90BA416A69F83008D60ED /* StyleTable.m */,
				0DF90BA516A69F83008D60ED /* ViewController.h */,
				0DF90BA616A69F83008D60ED /* ViewController.m */,
				0DF90BBD16A6A07E008D60ED /* Prefix.pch */,
				0DF90BA116A69F83008D60ED /* main.m */,
			);
			name = Demo;
			sourceTree = "<group>";
		};
/* End PBXGroup section */

/* Begin PBXNativeTarget section */
		0DF90B5616A69EAA008D60ED /* MPFoldTransition */ = {
			isa = PBXNativeTarget;
			buildConfigurationList = 0DF90B6016A69EAA008D60ED /* Build configuration list for PBXNativeTarget "MPFoldTransition" */;
			buildPhases = (
				0DF90B5316A69EAA008D60ED /* Sources */,
				0DF90B5416A69EAA008D60ED /* Frameworks */,
				0DF90B5516A69EAA008D60ED /* CopyFiles */,
			);
			buildRules = (
			);
			dependencies = (
			);
			name = MPFoldTransition;
			productName = MPFoldTransition;
			productReference = 0DF90B5716A69EAA008D60ED /* libMPFoldTransition.a */;
			productType = "com.apple.product-type.library.static";
		};
		4DBDFA0315415F0A003AD415 /* Transitions Demo */ = {
			isa = PBXNativeTarget;
			buildConfigurationList = 4DBDFA2515415F0A003AD415 /* Build configuration list for PBXNativeTarget "Transitions Demo" */;
			buildPhases = (
				4DBDFA0015415F0A003AD415 /* Sources */,
				4DBDFA0115415F0A003AD415 /* Frameworks */,
				4DBDFA0215415F0A003AD415 /* Resources */,
			);
			buildRules = (
			);
			dependencies = (
				0DF90B6516A69ECC008D60ED /* PBXTargetDependency */,
			);
			name = "Transitions Demo";
			productName = MPFoldTransition;
			productReference = 4DBDFA0415415F0A003AD415 /* Transitions Demo.app */;
			productType = "com.apple.product-type.application";
		};
/* End PBXNativeTarget section */

/* Begin PBXProject section */
		4DBDF9FB15415F09003AD415 /* Project object */ = {
			isa = PBXProject;
			attributes = {
				LastUpgradeCheck = 0430;
				ORGANIZATIONNAME = "Mark Pospesel";
			};
			buildConfigurationList = 4DBDF9FE15415F09003AD415 /* Build configuration list for PBXProject "MPFoldTransition" */;
			compatibilityVersion = "Xcode 3.2";
			developmentRegion = English;
			hasScannedForEncodings = 0;
			knownRegions = (
				en,
			);
			mainGroup = 4DBDF9F915415F09003AD415;
			productRefGroup = 4DBDFA0515415F0A003AD415 /* Products */;
			projectDirPath = "";
			projectRoot = "";
			targets = (
				0DF90B5616A69EAA008D60ED /* MPFoldTransition */,
				4DBDFA0315415F0A003AD415 /* Transitions Demo */,
			);
		};
/* End PBXProject section */

/* Begin PBXResourcesBuildPhase section */
		4DBDFA0215415F0A003AD415 /* Resources */ = {
			isa = PBXResourcesBuildPhase;
			buildActionMask = 2147483647;
			files = (
				0DF90BA916A69F83008D60ED /* Default-568h@2x.png in Resources */,
				0DF90BAE16A69F83008D60ED /* Icon-72.png in Resources */,
				0DF90BAF16A69F83008D60ED /* Icon-72@2x.png in Resources */,
				0DF90BB016A69F83008D60ED /* Icon.png in Resources */,
				0DF90BB116A69F83008D60ED /* Icon@2x.png in Resources */,
				0DF90BBA16A69F99008D60ED /* MainStoryboard_iPad.storyboard in Resources */,
				0DF90BBB16A69F99008D60ED /* MainStoryboard_iPhone.storyboard in Resources */,
			);
			runOnlyForDeploymentPostprocessing = 0;
		};
/* End PBXResourcesBuildPhase section */

/* Begin PBXSourcesBuildPhase section */
		0DF90B5316A69EAA008D60ED /* Sources */ = {
			isa = PBXSourcesBuildPhase;
			buildActionMask = 2147483647;
			files = (
				0DF90B8516A69F5C008D60ED /* MPAnimation.m in Sources */,
				0DF90B8616A69F5C008D60ED /* MPFlipTransition.m in Sources */,
				0DF90B8716A69F5C008D60ED /* MPFoldTransition.m in Sources */,
				0DF90B8816A69F5C008D60ED /* MPTransition.m in Sources */,
				0DF90B8916A69F5C008D60ED /* MPFlipSegue.m in Sources */,
				0DF90B8A16A69F5C008D60ED /* MPFoldModalSegue.m in Sources */,
				0DF90B8B16A69F5C008D60ED /* MPFoldNavPopSegue.m in Sources */,
				0DF90B8C16A69F5C008D60ED /* MPFoldNavPushSegue.m in Sources */,
				0DF90B8D16A69F5C008D60ED /* MPFoldSegue.m in Sources */,
			);
			runOnlyForDeploymentPostprocessing = 0;
		};
		4DBDFA0015415F0A003AD415 /* Sources */ = {
			isa = PBXSourcesBuildPhase;
			buildActionMask = 2147483647;
			files = (
				0DF90BA716A69F83008D60ED /* AboutViewController.m in Sources */,
				0DF90BA816A69F83008D60ED /* AppDelegate.m in Sources */,
				0DF90BAA16A69F83008D60ED /* DetailsViewController.m in Sources */,
				0DF90BB216A69F83008D60ED /* main.m in Sources */,
				0DF90BB416A69F83008D60ED /* StyleTable.m in Sources */,
				0DF90BB516A69F83008D60ED /* ViewController.m in Sources */,
			);
			runOnlyForDeploymentPostprocessing = 0;
		};
/* End PBXSourcesBuildPhase section */

/* Begin PBXTargetDependency section */
		0DF90B6516A69ECC008D60ED /* PBXTargetDependency */ = {
			isa = PBXTargetDependency;
			target = 0DF90B5616A69EAA008D60ED /* MPFoldTransition */;
			targetProxy = 0DF90B6416A69ECC008D60ED /* PBXContainerItemProxy */;
		};
/* End PBXTargetDependency section */

/* Begin PBXVariantGroup section */
		0DF90BB616A69F99008D60ED /* MainStoryboard_iPad.storyboard */ = {
			isa = PBXVariantGroup;
			children = (
				0DF90BB716A69F99008D60ED /* en */,
			);
			name = MainStoryboard_iPad.storyboard;
			sourceTree = "<group>";
		};
		0DF90BB816A69F99008D60ED /* MainStoryboard_iPhone.storyboard */ = {
			isa = PBXVariantGroup;
			children = (
				0DF90BB916A69F99008D60ED /* en */,
			);
			name = MainStoryboard_iPhone.storyboard;
			sourceTree = "<group>";
		};
/* End PBXVariantGroup section */

/* Begin XCBuildConfiguration section */
		0DF90B6116A69EAA008D60ED /* Debug */ = {
			isa = XCBuildConfiguration;
			buildSettings = {
				CLANG_CXX_LANGUAGE_STANDARD = "gnu++0x";
				CLANG_CXX_LIBRARY = "libc++";
				CLANG_WARN_EMPTY_BODY = YES;
				CLANG_WARN__DUPLICATE_METHOD_MATCH = YES;
				DSTROOT = /tmp/MPFoldTransition.dst;
				GCC_PRECOMPILE_PREFIX_HEADER = YES;
				GCC_PREFIX_HEADER = Library/Prefix.pch;
				IPHONEOS_DEPLOYMENT_TARGET = 6.0;
				ONLY_ACTIVE_ARCH = YES;
				OTHER_LDFLAGS = "-ObjC";
				PRODUCT_NAME = "$(TARGET_NAME)";
				SKIP_INSTALL = YES;
			};
			name = Debug;
		};
		0DF90B6216A69EAA008D60ED /* Release */ = {
			isa = XCBuildConfiguration;
			buildSettings = {
				CLANG_CXX_LANGUAGE_STANDARD = "gnu++0x";
				CLANG_CXX_LIBRARY = "libc++";
				CLANG_WARN_EMPTY_BODY = YES;
				CLANG_WARN__DUPLICATE_METHOD_MATCH = YES;
				DSTROOT = /tmp/MPFoldTransition.dst;
				GCC_PRECOMPILE_PREFIX_HEADER = YES;
				GCC_PREFIX_HEADER = Library/Prefix.pch;
				IPHONEOS_DEPLOYMENT_TARGET = 6.0;
				OTHER_LDFLAGS = "-ObjC";
				PRODUCT_NAME = "$(TARGET_NAME)";
				SKIP_INSTALL = YES;
			};
			name = Release;
		};
		4DBDFA2315415F0A003AD415 /* Debug */ = {
			isa = XCBuildConfiguration;
			buildSettings = {
				ALWAYS_SEARCH_USER_PATHS = NO;
				ARCHS = "$(ARCHS_STANDARD_32_BIT)";
				CLANG_ENABLE_OBJC_ARC = YES;
				"CODE_SIGN_IDENTITY[sdk=iphoneos*]" = "iPhone Developer";
				COPY_PHASE_STRIP = NO;
				GCC_C_LANGUAGE_STANDARD = gnu99;
				GCC_DYNAMIC_NO_PIC = NO;
				GCC_OPTIMIZATION_LEVEL = 0;
				GCC_PREPROCESSOR_DEFINITIONS = (
					"DEBUG=1",
					"$(inherited)",
				);
				GCC_SYMBOLS_PRIVATE_EXTERN = NO;
				GCC_TREAT_WARNINGS_AS_ERRORS = YES;
				GCC_VERSION = com.apple.compilers.llvm.clang.1_0;
				GCC_WARN_ABOUT_RETURN_TYPE = YES;
				GCC_WARN_UNINITIALIZED_AUTOS = YES;
				GCC_WARN_UNUSED_VARIABLE = YES;
				IPHONEOS_DEPLOYMENT_TARGET = 5.1;
				SDKROOT = iphoneos;
				TARGETED_DEVICE_FAMILY = "1,2";
			};
			name = Debug;
		};
		4DBDFA2415415F0A003AD415 /* Release */ = {
			isa = XCBuildConfiguration;
			buildSettings = {
				ALWAYS_SEARCH_USER_PATHS = NO;
				ARCHS = "$(ARCHS_STANDARD_32_BIT)";
				CLANG_ENABLE_OBJC_ARC = YES;
				"CODE_SIGN_IDENTITY[sdk=iphoneos*]" = "iPhone Developer";
				COPY_PHASE_STRIP = YES;
				GCC_C_LANGUAGE_STANDARD = gnu99;
				GCC_TREAT_WARNINGS_AS_ERRORS = YES;
				GCC_VERSION = com.apple.compilers.llvm.clang.1_0;
				GCC_WARN_ABOUT_RETURN_TYPE = YES;
				GCC_WARN_UNINITIALIZED_AUTOS = YES;
				GCC_WARN_UNUSED_VARIABLE = YES;
				IPHONEOS_DEPLOYMENT_TARGET = 5.1;
				OTHER_CFLAGS = "-DNS_BLOCK_ASSERTIONS=1";
				SDKROOT = iphoneos;
				TARGETED_DEVICE_FAMILY = "1,2";
				VALIDATE_PRODUCT = YES;
			};
			name = Release;
		};
		4DBDFA2615415F0A003AD415 /* Debug */ = {
			isa = XCBuildConfiguration;
			buildSettings = {
				GCC_PRECOMPILE_PREFIX_HEADER = YES;
				GCC_PREFIX_HEADER = Demo/Prefix.pch;
				INFOPLIST_FILE = Demo/Info.plist;
				IPHONEOS_DEPLOYMENT_TARGET = 5.0;
				PRODUCT_NAME = "$(TARGET_NAME)";
				WRAPPER_EXTENSION = app;
			};
			name = Debug;
		};
		4DBDFA2715415F0A003AD415 /* Release */ = {
			isa = XCBuildConfiguration;
			buildSettings = {
				GCC_PRECOMPILE_PREFIX_HEADER = YES;
				GCC_PREFIX_HEADER = Demo/Prefix.pch;
				INFOPLIST_FILE = Demo/Info.plist;
				IPHONEOS_DEPLOYMENT_TARGET = 5.0;
				PRODUCT_NAME = "$(TARGET_NAME)";
				WRAPPER_EXTENSION = app;
			};
			name = Release;
		};
/* End XCBuildConfiguration section */

/* Begin XCConfigurationList section */
		0DF90B6016A69EAA008D60ED /* Build configuration list for PBXNativeTarget "MPFoldTransition" */ = {
			isa = XCConfigurationList;
			buildConfigurations = (
				0DF90B6116A69EAA008D60ED /* Debug */,
				0DF90B6216A69EAA008D60ED /* Release */,
			);
			defaultConfigurationIsVisible = 0;
		};
		4DBDF9FE15415F09003AD415 /* Build configuration list for PBXProject "MPFoldTransition" */ = {
			isa = XCConfigurationList;
			buildConfigurations = (
				4DBDFA2315415F0A003AD415 /* Debug */,
				4DBDFA2415415F0A003AD415 /* Release */,
			);
			defaultConfigurationIsVisible = 0;
			defaultConfigurationName = Release;
		};
		4DBDFA2515415F0A003AD415 /* Build configuration list for PBXNativeTarget "Transitions Demo" */ = {
			isa = XCConfigurationList;
			buildConfigurations = (
				4DBDFA2615415F0A003AD415 /* Debug */,
				4DBDFA2715415F0A003AD415 /* Release */,
			);
			defaultConfigurationIsVisible = 0;
			defaultConfigurationName = Release;
		};
/* End XCConfigurationList section */
	};
	rootObject = 4DBDF9FB15415F09003AD415 /* Project object */;
}
